
Microsoft Visual Studio Solution File, Format Version 12.00
# Visual Studio Version 17
VisualStudioVersion = 17.11.35327.3
MinimumVisualStudioVersion = 10.0.40219.1
Project("{FAE04EC0-301F-11D3-BF4B-00C04F79EFBC}") = "sinemabiletsatis", "sinemabiletsatis\sinemabiletsatis.csproj", "{C20F142C-E1DB-4A47-8438-385CC1D9E13F}"
EndProject
Global
	GlobalSection(SolutionConfigurationPlatforms) = preSolution
		Debug|Any CPU = Debug|Any CPU
		Release|Any CPU = Release|Any CPU
	EndGlobalSection
	GlobalSection(ProjectConfigurationPlatforms) = postSolution
		{C20F142C-E1DB-4A47-8438-385CC1D9E13F}.Debug|Any CPU.ActiveCfg = Debug|Any CPU
		{C20F142C-E1DB-4A47-8438-385CC1D9E13F}.Debug|Any CPU.Build.0 = Debug|Any CPU
		{C20F142C-E1DB-4A47-8438-385CC1D9E13F}.Release|Any CPU.ActiveCfg = Release|Any CPU
		{C20F142C-E1DB-4A47-8438-385CC1D9E13F}.Release|Any CPU.Build.0 = Release|Any CPU
	EndGlobalSection
	GlobalSection(SolutionProperties) = preSolution
		HideSolutionNode = FALSE
	EndGlobalSection
	GlobalSection(ExtensibilityGlobals) = postSolution
		SolutionGuid = {C66C3191-863F-4BA2-8729-34BA62E7EE94}
	EndGlobalSection
EndGlobal
